// !$*UTF8*$!
{
	archiveVersion = 1;
	classes = {
	};
	objectVersion = 50;
	objects = {

/* Begin PBXBuildFile section */
		04180805268011CE003CE0A0 /* AspectVGrid.swift in Sources */ = {isa = PBXBuildFile; fileRef = 04180804268011CE003CE0A0 /* AspectVGrid.swift */; };
		0424F754267588820014888A /* MemoryGame.swift in Sources */ = {isa = PBXBuildFile; fileRef = 0424F753267588820014888A /* MemoryGame.swift */; };
		0424F757267589130014888A /* EmojiMemoryGameViewModel.swift in Sources */ = {isa = PBXBuildFile; fileRef = 0424F756267589130014888A /* EmojiMemoryGameViewModel.swift */; };
		0424F75C26766A640014888A /* Theme.swift in Sources */ = {isa = PBXBuildFile; fileRef = 0424F75B26766A640014888A /* Theme.swift */; };
		04D8166F266603EB006E280C /* MemorizeApp.swift in Sources */ = {isa = PBXBuildFile; fileRef = 04D8166E266603EB006E280C /* MemorizeApp.swift */; };
		04D81671266603EB006E280C /* EmojiMemoryGameView.swift in Sources */ = {isa = PBXBuildFile; fileRef = 04D81670266603EB006E280C /* EmojiMemoryGameView.swift */; };
		04D81673266603EE006E280C /* Assets.xcassets in Resources */ = {isa = PBXBuildFile; fileRef = 04D81672266603EE006E280C /* Assets.xcassets */; };
		04D81676266603EE006E280C /* Preview Assets.xcassets in Resources */ = {isa = PBXBuildFile; fileRef = 04D81675266603EE006E280C /* Preview Assets.xcassets */; };
		04D81681266606A7006E280C /* vodafone-bold.ttf in Resources */ = {isa = PBXBuildFile; fileRef = 04D8167E266606A7006E280C /* vodafone-bold.ttf */; };
		04D81682266606A7006E280C /* vodafone-lite.ttf in Resources */ = {isa = PBXBuildFile; fileRef = 04D8167F266606A7006E280C /* vodafone-lite.ttf */; };
		04D81683266606A7006E280C /* vodafone-regular.ttf in Resources */ = {isa = PBXBuildFile; fileRef = 04D81680266606A7006E280C /* vodafone-regular.ttf */; };
/* End PBXBuildFile section */

/* Begin PBXFileReference section */
		04180804268011CE003CE0A0 /* AspectVGrid.swift */ = {isa = PBXFileReference; lastKnownFileType = sourcecode.swift; path = AspectVGrid.swift; sourceTree = "<group>"; };
		0424F753267588820014888A /* MemoryGame.swift */ = {isa = PBXFileReference; lastKnownFileType = sourcecode.swift; path = MemoryGame.swift; sourceTree = "<group>"; };
		0424F756267589130014888A /* EmojiMemoryGameViewModel.swift */ = {isa = PBXFileReference; lastKnownFileType = sourcecode.swift; path = EmojiMemoryGameViewModel.swift; sourceTree = "<group>"; };
		0424F75B26766A640014888A /* Theme.swift */ = {isa = PBXFileReference; lastKnownFileType = sourcecode.swift; path = Theme.swift; sourceTree = "<group>"; };
		04D8166B266603EB006E280C /* Memorize.app */ = {isa = PBXFileReference; explicitFileType = wrapper.application; includeInIndex = 0; path = Memorize.app; sourceTree = BUILT_PRODUCTS_DIR; };
		04D8166E266603EB006E280C /* MemorizeApp.swift */ = {isa = PBXFileReference; lastKnownFileType = sourcecode.swift; path = MemorizeApp.swift; sourceTree = "<group>"; };
		04D81670266603EB006E280C /* EmojiMemoryGameView.swift */ = {isa = PBXFileReference; lastKnownFileType = sourcecode.swift; path = EmojiMemoryGameView.swift; sourceTree = "<group>"; };
		04D81672266603EE006E280C /* Assets.xcassets */ = {isa = PBXFileReference; lastKnownFileType = folder.assetcatalog; path = Assets.xcassets; sourceTree = "<group>"; };
		04D81675266603EE006E280C /* Preview Assets.xcassets */ = {isa = PBXFileReference; lastKnownFileType = folder.assetcatalog; path = "Preview Assets.xcassets"; sourceTree = "<group>"; };
		04D81677266603EE006E280C /* Info.plist */ = {isa = PBXFileReference; lastKnownFileType = text.plist.xml; path = Info.plist; sourceTree = "<group>"; };
		04D8167E266606A7006E280C /* vodafone-bold.ttf */ = {isa = PBXFileReference; lastKnownFileType = file; path = "vodafone-bold.ttf"; sourceTree = "<group>"; };
		04D8167F266606A7006E280C /* vodafone-lite.ttf */ = {isa = PBXFileReference; lastKnownFileType = file; path = "vodafone-lite.ttf"; sourceTree = "<group>"; };
		04D81680266606A7006E280C /* vodafone-regular.ttf */ = {isa = PBXFileReference; lastKnownFileType = file; path = "vodafone-regular.ttf"; sourceTree = "<group>"; };
/* End PBXFileReference section */

/* Begin PBXFrameworksBuildPhase section */
		04D81668266603EB006E280C /* Frameworks */ = {
			isa = PBXFrameworksBuildPhase;
			buildActionMask = 2147483647;
			files = (
			);
			runOnlyForDeploymentPostprocessing = 0;
		};
/* End PBXFrameworksBuildPhase section */

/* Begin PBXGroup section */
		04D81662266603EB006E280C = {
			isa = PBXGroup;
			children = (
				04D8166D266603EB006E280C /* Memorize */,
				04D8166C266603EB006E280C /* Products */,
			);
			sourceTree = "<group>";
		};
		04D8166C266603EB006E280C /* Products */ = {
			isa = PBXGroup;
			children = (
				04D8166B266603EB006E280C /* Memorize.app */,
			);
			name = Products;
			sourceTree = "<group>";
		};
		04D8166D266603EB006E280C /* Memorize */ = {
			isa = PBXGroup;
			children = (
				04D8166E266603EB006E280C /* MemorizeApp.swift */,
				04D81670266603EB006E280C /* EmojiMemoryGameView.swift */,
				0424F756267589130014888A /* EmojiMemoryGameViewModel.swift */,
				0424F753267588820014888A /* MemoryGame.swift */,
				0424F75B26766A640014888A /* Theme.swift */,
				04180804268011CE003CE0A0 /* AspectVGrid.swift */,
				04D81685266606B8006E280C /* Assets */,
				04D81677266603EE006E280C /* Info.plist */,
				04D81674266603EE006E280C /* Preview Content */,
			);
			path = Memorize;
			sourceTree = "<group>";
		};
		04D81674266603EE006E280C /* Preview Content */ = {
			isa = PBXGroup;
			children = (
				04D81675266603EE006E280C /* Preview Assets.xcassets */,
			);
			path = "Preview Content";
			sourceTree = "<group>";
		};
		04D81685266606B8006E280C /* Assets */ = {
			isa = PBXGroup;
			children = (
				04D81672266603EE006E280C /* Assets.xcassets */,
				04D81686266606C3006E280C /* Fonts */,
			);
			path = Assets;
			sourceTree = "<group>";
		};
		04D81686266606C3006E280C /* Fonts */ = {
			isa = PBXGroup;
			children = (
				04D8167E266606A7006E280C /* vodafone-bold.ttf */,
				04D8167F266606A7006E280C /* vodafone-lite.ttf */,
				04D81680266606A7006E280C /* vodafone-regular.ttf */,
			);
			path = Fonts;
			sourceTree = "<group>";
		};
/* End PBXGroup section */

/* Begin PBXNativeTarget section */
		04D8166A266603EB006E280C /* Memorize */ = {
			isa = PBXNativeTarget;
			buildConfigurationList = 04D8167A266603EE006E280C /* Build configuration list for PBXNativeTarget "Memorize" */;
			buildPhases = (
				04D81667266603EB006E280C /* Sources */,
				04D81668266603EB006E280C /* Frameworks */,
				04D81669266603EB006E280C /* Resources */,
			);
			buildRules = (
			);
			dependencies = (
			);
			name = Memorize;
			productName = Memorize;
			productReference = 04D8166B266603EB006E280C /* Memorize.app */;
			productType = "com.apple.product-type.application";
		};
/* End PBXNativeTarget section */

/* Begin PBXProject section */
		04D81663266603EB006E280C /* Project object */ = {
			isa = PBXProject;
			attributes = {
				LastSwiftUpdateCheck = 1240;
				LastUpgradeCheck = 1240;
				TargetAttributes = {
					04D8166A266603EB006E280C = {
						CreatedOnToolsVersion = 12.4;
					};
				};
			};
			buildConfigurationList = 04D81666266603EB006E280C /* Build configuration list for PBXProject "Memorize" */;
			compatibilityVersion = "Xcode 9.3";
			developmentRegion = en;
			hasScannedForEncodings = 0;
			knownRegions = (
				en,
				Base,
			);
			mainGroup = 04D81662266603EB006E280C;
			productRefGroup = 04D8166C266603EB006E280C /* Products */;
			projectDirPath = "";
			projectRoot = "";
			targets = (
				04D8166A266603EB006E280C /* Memorize */,
			);
		};
/* End PBXProject section */

/* Begin PBXResourcesBuildPhase section */
		04D81669266603EB006E280C /* Resources */ = {
			isa = PBXResourcesBuildPhase;
			buildActionMask = 2147483647;
			files = (
				04D81676266603EE006E280C /* Preview Assets.xcassets in Resources */,
				04D81681266606A7006E280C /* vodafone-bold.ttf in Resources */,
				04D81683266606A7006E280C /* vodafone-regular.ttf in Resources */,
				04D81682266606A7006E280C /* vodafone-lite.ttf in Resources */,
				04D81673266603EE006E280C /* Assets.xcassets in Resources */,
			);
			runOnlyForDeploymentPostprocessing = 0;
		};
/* End PBXResourcesBuildPhase section */

/* Begin PBXSourcesBuildPhase section */
		04D81667266603EB006E280C /* Sources */ = {
			isa = PBXSourcesBuildPhase;
			buildActionMask = 2147483647;
			files = (
				0424F757267589130014888A /* EmojiMemoryGameViewModel.swift in Sources */,
				0424F754267588820014888A /* MemoryGame.swift in Sources */,
				04180805268011CE003CE0A0 /* AspectVGrid.swift in Sources */,
				0424F75C26766A640014888A /* Theme.swift in Sources */,
				04D81671266603EB006E280C /* EmojiMemoryGameView.swift in Sources */,
				04D8166F266603EB006E280C /* MemorizeApp.swift in Sources */,
			);
			runOnlyForDeploymentPostprocessing = 0;
		};
/* End PBXSourcesBuildPhase section */

/* Begin XCBuildConfiguration section */
		04D81678266603EE006E280C /* Debug */ = {
			isa = XCBuildConfiguration;
			buildSettings = {
				ALWAYS_SEARCH_USER_PATHS = NO;
				CLANG_ANALYZER_NONNULL = YES;
				CLANG_ANALYZER_NUMBER_OBJECT_CONVERSION = YES_AGGRESSIVE;
				CLANG_CXX_LANGUAGE_STANDARD = "gnu++14";
				CLANG_CXX_LIBRARY = "libc++";
				CLANG_ENABLE_MODULES = YES;
				CLANG_ENABLE_OBJC_ARC = YES;
				CLANG_ENABLE_OBJC_WEAK = YES;
				CLANG_WARN_BLOCK_CAPTURE_AUTORELEASING = YES;
				CLANG_WARN_BOOL_CONVERSION = YES;
				CLANG_WARN_COMMA = YES;
				CLANG_WARN_CONSTANT_CONVERSION = YES;
				CLANG_WARN_DEPRECATED_OBJC_IMPLEMENTATIONS = YES;
				CLANG_WARN_DIRECT_OBJC_ISA_USAGE = YES_ERROR;
				CLANG_WARN_DOCUMENTATION_COMMENTS = YES;
				CLANG_WARN_EMPTY_BODY = YES;
				CLANG_WARN_ENUM_CONVERSION = YES;
				CLANG_WARN_INFINITE_RECURSION = YES;
				CLANG_WARN_INT_CONVERSION = YES;
				CLANG_WARN_NON_LITERAL_NULL_CONVERSION = YES;
				CLANG_WARN_OBJC_IMPLICIT_RETAIN_SELF = YES;
				CLANG_WARN_OBJC_LITERAL_CONVERSION = YES;
				CLANG_WARN_OBJC_ROOT_CLASS = YES_ERROR;
				CLANG_WARN_QUOTED_INCLUDE_IN_FRAMEWORK_HEADER = YES;
				CLANG_WARN_RANGE_LOOP_ANALYSIS = YES;
				CLANG_WARN_STRICT_PROTOTYPES = YES;
				CLANG_WARN_SUSPICIOUS_MOVE = YES;
				CLANG_WARN_UNGUARDED_AVAILABILITY = YES_AGGRESSIVE;
				CLANG_WARN_UNREACHABLE_CODE = YES;
				CLANG_WARN__DUPLICATE_METHOD_MATCH = YES;
				COPY_PHASE_STRIP = NO;
				DEBUG_INFORMATION_FORMAT = dwarf;
				ENABLE_STRICT_OBJC_MSGSEND = YES;
				ENABLE_TESTABILITY = YES;
				GCC_C_LANGUAGE_STANDARD = gnu11;
				GCC_DYNAMIC_NO_PIC = NO;
				GCC_NO_COMMON_BLOCKS = YES;
				GCC_OPTIMIZATION_LEVEL = 0;
				GCC_PREPROCESSOR_DEFINITIONS = (
					"DEBUG=1",
					"$(inherited)",
				);
				GCC_WARN_64_TO_32_BIT_CONVERSION = YES;
				GCC_WARN_ABOUT_RETURN_TYPE = YES_ERROR;
				GCC_WARN_UNDECLARED_SELECTOR = YES;
				GCC_WARN_UNINITIALIZED_AUTOS = YES_AGGRESSIVE;
				GCC_WARN_UNUSED_FUNCTION = YES;
				GCC_WARN_UNUSED_VARIABLE = YES;
				IPHONEOS_DEPLOYMENT_TARGET = 14.4;
				MTL_ENABLE_DEBUG_INFO = INCLUDE_SOURCE;
				MTL_FAST_MATH = YES;
				ONLY_ACTIVE_ARCH = YES;
				SDKROOT = iphoneos;
				SWIFT_ACTIVE_COMPILATION_CONDITIONS = DEBUG;
				SWIFT_OPTIMIZATION_LEVEL = "-Onone";
			};
			name = Debug;
		};
		04D81679266603EE006E280C /* Release */ = {
			isa = XCBuildConfiguration;
			buildSettings = {
				ALWAYS_SEARCH_USER_PATHS = NO;
				CLANG_ANALYZER_NONNULL = YES;
				CLANG_ANALYZER_NUMBER_OBJECT_CONVERSION = YES_AGGRESSIVE;
				CLANG_CXX_LANGUAGE_STANDARD = "gnu++14";
				CLANG_CXX_LIBRARY = "libc++";
				CLANG_ENABLE_MODULES = YES;
				CLANG_ENABLE_OBJC_ARC = YES;
				CLANG_ENABLE_OBJC_WEAK = YES;
				CLANG_WARN_BLOCK_CAPTURE_AUTORELEASING = YES;
				CLANG_WARN_BOOL_CONVERSION = YES;
				CLANG_WARN_COMMA = YES;
				CLANG_WARN_CONSTANT_CONVERSION = YES;
				CLANG_WARN_DEPRECATED_OBJC_IMPLEMENTATIONS = YES;
				CLANG_WARN_DIRECT_OBJC_ISA_USAGE = YES_ERROR;
				CLANG_WARN_DOCUMENTATION_COMMENTS = YES;
				CLANG_WARN_EMPTY_BODY = YES;
				CLANG_WARN_ENUM_CONVERSION = YES;
				CLANG_WARN_INFINITE_RECURSION = YES;
				CLANG_WARN_INT_CONVERSION = YES;
				CLANG_WARN_NON_LITERAL_NULL_CONVERSION = YES;
				CLANG_WARN_OBJC_IMPLICIT_RETAIN_SELF = YES;
				CLANG_WARN_OBJC_LITERAL_CONVERSION = YES;
				CLANG_WARN_OBJC_ROOT_CLASS = YES_ERROR;
				CLANG_WARN_QUOTED_INCLUDE_IN_FRAMEWORK_HEADER = YES;
				CLANG_WARN_RANGE_LOOP_ANALYSIS = YES;
				CLANG_WARN_STRICT_PROTOTYPES = YES;
				CLANG_WARN_SUSPICIOUS_MOVE = YES;
				CLANG_WARN_UNGUARDED_AVAILABILITY = YES_AGGRESSIVE;
				CLANG_WARN_UNREACHABLE_CODE = YES;
				CLANG_WARN__DUPLICATE_METHOD_MATCH = YES;
				COPY_PHASE_STRIP = NO;
				DEBUG_INFORMATION_FORMAT = "dwarf-with-dsym";
				ENABLE_NS_ASSERTIONS = NO;
				ENABLE_STRICT_OBJC_MSGSEND = YES;
				GCC_C_LANGUAGE_STANDARD = gnu11;
				GCC_NO_COMMON_BLOCKS = YES;
				GCC_WARN_64_TO_32_BIT_CONVERSION = YES;
				GCC_WARN_ABOUT_RETURN_TYPE = YES_ERROR;
				GCC_WARN_UNDECLARED_SELECTOR = YES;
				GCC_WARN_UNINITIALIZED_AUTOS = YES_AGGRESSIVE;
				GCC_WARN_UNUSED_FUNCTION = YES;
				GCC_WARN_UNUSED_VARIABLE = YES;
				IPHONEOS_DEPLOYMENT_TARGET = 14.4;
				MTL_ENABLE_DEBUG_INFO = NO;
				MTL_FAST_MATH = YES;
				SDKROOT = iphoneos;
				SWIFT_COMPILATION_MODE = wholemodule;
				SWIFT_OPTIMIZATION_LEVEL = "-O";
				VALIDATE_PRODUCT = YES;
			};
			name = Release;
		};
		04D8167B266603EE006E280C /* Debug */ = {
			isa = XCBuildConfiguration;
			buildSettings = {
				ASSETCATALOG_COMPILER_APPICON_NAME = AppIcon;
				ASSETCATALOG_COMPILER_GLOBAL_ACCENT_COLOR_NAME = AccentColor;
				CODE_SIGN_STYLE = Automatic;
				DEVELOPMENT_ASSET_PATHS = "\"Memorize/Preview Content\"";
				DEVELOPMENT_TEAM = 682PH23H3W;
				ENABLE_PREVIEWS = YES;
				INFOPLIST_FILE = Memorize/Info.plist;
				IPHONEOS_DEPLOYMENT_TARGET = 14.0;
				LD_RUNPATH_SEARCH_PATHS = (
					"$(inherited)",
					"@executable_path/Frameworks",
				);
				PRODUCT_BUNDLE_IDENTIFIER = aaa.Memorize;
				PRODUCT_NAME = "$(TARGET_NAME)";
				SWIFT_VERSION = 5.0;
				TARGETED_DEVICE_FAMILY = "1,2";
			};
			name = Debug;
		};
		04D8167C266603EE006E280C /* Release */ = {
			isa = XCBuildConfiguration;
			buildSettings = {
				ASSETCATALOG_COMPILER_APPICON_NAME = AppIcon;
				ASSETCATALOG_COMPILER_GLOBAL_ACCENT_COLOR_NAME = AccentColor;
				CODE_SIGN_STYLE = Automatic;
				DEVELOPMENT_ASSET_PATHS = "\"Memorize/Preview Content\"";
				DEVELOPMENT_TEAM = 682PH23H3W;
				ENABLE_PREVIEWS = YES;
				INFOPLIST_FILE = Memorize/Info.plist;
				IPHONEOS_DEPLOYMENT_TARGET = 14.0;
				LD_RUNPATH_SEARCH_PATHS = (
					"$(inherited)",
					"@executable_path/Frameworks",
				);
				PRODUCT_BUNDLE_IDENTIFIER = aaa.Memorize;
				PRODUCT_NAME = "$(TARGET_NAME)";
				SWIFT_VERSION = 5.0;
				TARGETED_DEVICE_FAMILY = "1,2";
			};
			name = Release;
		};
/* End XCBuildConfiguration section */

/* Begin XCConfigurationList section */
		04D81666266603EB006E280C /* Build configuration list for PBXProject "Memorize" */ = {
			isa = XCConfigurationList;
			buildConfigurations = (
				04D81678266603EE006E280C /* Debug */,
				04D81679266603EE006E280C /* Release */,
			);
			defaultConfigurationIsVisible = 0;
			defaultConfigurationName = Release;
		};
		04D8167A266603EE006E280C /* Build configuration list for PBXNativeTarget "Memorize" */ = {
			isa = XCConfigurationList;
			buildConfigurations = (
				04D8167B266603EE006E280C /* Debug */,
				04D8167C266603EE006E280C /* Release */,
			);
			defaultConfigurationIsVisible = 0;
			defaultConfigurationName = Release;
		};
/* End XCConfigurationList section */
	};
	rootObject = 04D81663266603EB006E280C /* Project object */;
}
